# Generated by pub
# See https://dart.dev/tools/pub/glossary#lockfile
packages:
  _fe_analyzer_shared:
    dependency: transitive
    description:
      name: _fe_analyzer_shared
      sha256: ae92f5d747aee634b87f89d9946000c2de774be1d6ac3e58268224348cd0101a
      url: "https://pub.dev"
    source: hosted
    version: "61.0.0"
  analyzer:
    dependency: transitive
    description:
      name: analyzer
      sha256: ea3d8652bda62982addfd92fdc2d0214e5f82e43325104990d4f4c4a2a313562
      url: "https://pub.dev"
    source: hosted
    version: "5.13.0"
  archive:
    dependency: transitive
    description:
      name: archive
      sha256: "0c8368c9b3f0abbc193b9d6133649a614204b528982bebc7026372d61677ce3a"
      url: "https://pub.dev"
    source: hosted
    version: "3.3.7"
  args:
    dependency: transitive
    description:
      name: args
      sha256: eef6c46b622e0494a36c5a12d10d77fb4e855501a91c1b9ef9339326e58f0596
      url: "https://pub.dev"
    source: hosted
    version: "2.4.2"
  async:
    dependency: transitive
    description:
      name: async
      sha256: "947bfcf187f74dbc5e146c9eb9c0f10c9f8b30743e341481c1e2ed3ecc18c20c"
      url: "https://pub.dev"
    source: hosted
    version: "2.11.0"
  basic_utils:
    dependency: "direct main"
    description:
      name: basic_utils
      sha256: "1fb8c5493fc1b9500512b2e153c0b9bcc9e281621cde7f810420f4761be9e38d"
      url: "https://pub.dev"
    source: hosted
    version: "5.6.1"
  boolean_selector:
    dependency: transitive
    description:
      name: boolean_selector
      sha256: "6cfb5af12253eaf2b368f07bacc5a80d1301a071c73360d746b7f2e32d762c66"
      url: "https://pub.dev"
    source: hosted
    version: "2.1.1"
  build:
    dependency: transitive
    description:
      name: build
      sha256: "80184af8b6cb3e5c1c4ec6d8544d27711700bc3e6d2efad04238c7b5290889f0"
      url: "https://pub.dev"
    source: hosted
    version: "2.4.1"
  build_config:
    dependency: transitive
    description:
      name: build_config
      sha256: bf80fcfb46a29945b423bd9aad884590fb1dc69b330a4d4700cac476af1708d1
      url: "https://pub.dev"
    source: hosted
    version: "1.1.1"
  build_daemon:
    dependency: transitive
    description:
      name: build_daemon
      sha256: "5f02d73eb2ba16483e693f80bee4f088563a820e47d1027d4cdfe62b5bb43e65"
      url: "https://pub.dev"
    source: hosted
    version: "4.0.0"
  build_resolvers:
    dependency: transitive
    description:
      name: build_resolvers
      sha256: "6c4dd11d05d056e76320b828a1db0fc01ccd376922526f8e9d6c796a5adbac20"
      url: "https://pub.dev"
    source: hosted
    version: "2.2.1"
  build_runner:
    dependency: "direct dev"
    description:
      name: build_runner
      sha256: "10c6bcdbf9d049a0b666702cf1cee4ddfdc38f02a19d35ae392863b47519848b"
      url: "https://pub.dev"
    source: hosted
    version: "2.4.6"
  build_runner_core:
    dependency: transitive
    description:
      name: build_runner_core
      sha256: "6d6ee4276b1c5f34f21fdf39425202712d2be82019983d52f351c94aafbc2c41"
      url: "https://pub.dev"
    source: hosted
    version: "7.2.10"
  built_collection:
    dependency: transitive
    description:
      name: built_collection
      sha256: "376e3dd27b51ea877c28d525560790aee2e6fbb5f20e2f85d5081027d94e2100"
      url: "https://pub.dev"
    source: hosted
    version: "5.1.1"
  built_value:
    dependency: transitive
    description:
      name: built_value
      sha256: ff627b645b28fb8bdb69e645f910c2458fd6b65f6585c3a53e0626024897dedf
      url: "https://pub.dev"
    source: hosted
    version: "8.6.2"
  characters:
    dependency: transitive
    description:
      name: characters
      sha256: "04a925763edad70e8443c99234dc3328f442e811f1d8fd1a72f1c8ad0f69a605"
      url: "https://pub.dev"
    source: hosted
    version: "1.3.0"
  checked_yaml:
    dependency: transitive
    description:
      name: checked_yaml
      sha256: feb6bed21949061731a7a75fc5d2aa727cf160b91af9a3e464c5e3a32e28b5ff
      url: "https://pub.dev"
    source: hosted
    version: "2.0.3"
  cli_util:
    dependency: transitive
    description:
      name: cli_util
      sha256: b8db3080e59b2503ca9e7922c3df2072cf13992354d5e944074ffa836fba43b7
      url: "https://pub.dev"
    source: hosted
    version: "0.4.0"
  clock:
    dependency: transitive
    description:
      name: clock
      sha256: cb6d7f03e1de671e34607e909a7213e31d7752be4fb66a86d29fe1eb14bfb5cf
      url: "https://pub.dev"
    source: hosted
    version: "1.1.1"
  code_builder:
    dependency: transitive
    description:
      name: code_builder
      sha256: "4ad01d6e56db961d29661561effde45e519939fdaeb46c351275b182eac70189"
      url: "https://pub.dev"
    source: hosted
    version: "4.5.0"
  collection:
    dependency: "direct main"
    description:
      name: collection
      sha256: "4a07be6cb69c84d677a6c3096fcf960cc3285a8330b4603e0d463d15d9bd934c"
      url: "https://pub.dev"
    source: hosted
    version: "1.17.1"
  color:
    dependency: transitive
    description:
      name: color
      sha256: ddcdf1b3badd7008233f5acffaf20ca9f5dc2cd0172b75f68f24526a5f5725cb
      url: "https://pub.dev"
    source: hosted
    version: "3.0.0"
  connectivity_plus:
    dependency: "direct main"
    description:
      name: connectivity_plus
      sha256: "77a180d6938f78ca7d2382d2240eb626c0f6a735d0bfdce227d8ffb80f95c48b"
      url: "https://pub.dev"
    source: hosted
    version: "4.0.2"
  connectivity_plus_platform_interface:
    dependency: transitive
    description:
      name: connectivity_plus_platform_interface
      sha256: cf1d1c28f4416f8c654d7dc3cd638ec586076255d407cef3ddbdaf178272a71a
      url: "https://pub.dev"
    source: hosted
    version: "1.2.4"
  console:
    dependency: transitive
    description:
      name: console
      sha256: e04e7824384c5b39389acdd6dc7d33f3efe6b232f6f16d7626f194f6a01ad69a
      url: "https://pub.dev"
    source: hosted
    version: "4.1.0"
  convert:
    dependency: transitive
    description:
      name: convert
      sha256: "0f08b14755d163f6e2134cb58222dd25ea2a2ee8a195e53983d57c075324d592"
      url: "https://pub.dev"
    source: hosted
    version: "3.1.1"
  coverage:
    dependency: transitive
    description:
      name: coverage
      sha256: "2fb815080e44a09b85e0f2ca8a820b15053982b2e714b59267719e8a9ff17097"
      url: "https://pub.dev"
    source: hosted
    version: "1.6.3"
  cross_file:
    dependency: transitive
    description:
      name: cross_file
      sha256: "0b0036e8cccbfbe0555fd83c1d31a6f30b77a96b598b35a5d36dd41f718695e9"
      url: "https://pub.dev"
    source: hosted
    version: "0.3.3+4"
  crypto:
    dependency: transitive
    description:
      name: crypto
      sha256: ff625774173754681d66daaf4a448684fb04b78f902da9cb3d308c19cc5e8bab
      url: "https://pub.dev"
    source: hosted
    version: "3.0.3"
  csslib:
    dependency: transitive
    description:
      name: csslib
      sha256: "706b5707578e0c1b4b7550f64078f0a0f19dec3f50a178ffae7006b0a9ca58fb"
      url: "https://pub.dev"
    source: hosted
    version: "1.0.0"
  csv:
    dependency: transitive
    description:
      name: csv
      sha256: "016b31a51a913744a0a1655c74ff13c9379e1200e246a03d96c81c5d9ed297b5"
      url: "https://pub.dev"
    source: hosted
    version: "5.0.2"
  dart_style:
    dependency: transitive
    description:
      name: dart_style
      sha256: "1efa911ca7086affd35f463ca2fc1799584fb6aa89883cf0af8e3664d6a02d55"
      url: "https://pub.dev"
    source: hosted
    version: "2.3.2"
  dartx:
    dependency: transitive
    description:
      name: dartx
      sha256: "8b25435617027257d43e6508b5fe061012880ddfdaa75a71d607c3de2a13d244"
      url: "https://pub.dev"
    source: hosted
    version: "1.2.0"
  dbus:
    dependency: transitive
    description:
      name: dbus
      sha256: "6f07cba3f7b3448d42d015bfd3d53fe12e5b36da2423f23838efc1d5fb31a263"
      url: "https://pub.dev"
    source: hosted
    version: "0.7.8"
  desktop_drop:
    dependency: "direct main"
    description:
      name: desktop_drop
      sha256: "4ca4d960f4b11c032e9adfd2a0a8ac615bc3fddb4cbe73dcf840dd8077582186"
      url: "https://pub.dev"
    source: hosted
    version: "0.4.1"
  device_apps:
    dependency: "direct main"
    description:
      name: device_apps
      sha256: e84dc74d55749993fd671148cc0bd53096e1be0c268fc364285511b1d8a4c19b
      url: "https://pub.dev"
    source: hosted
    version: "2.2.0"
  device_info_plus:
    dependency: "direct main"
    description:
      name: device_info_plus
      sha256: "86add5ef97215562d2e090535b0a16f197902b10c369c558a100e74ea06e8659"
      url: "https://pub.dev"
    source: hosted
    version: "9.0.3"
  device_info_plus_platform_interface:
    dependency: transitive
    description:
      name: device_info_plus_platform_interface
      sha256: d3b01d5868b50ae571cd1dc6e502fc94d956b665756180f7b16ead09e836fd64
      url: "https://pub.dev"
    source: hosted
    version: "7.0.0"
  dio:
    dependency: "direct main"
    description:
      name: dio
      sha256: ce75a1b40947fea0a0e16ce73337122a86762e38b982e1ccb909daa3b9bc4197
      url: "https://pub.dev"
    source: hosted
    version: "5.3.2"
  dynamic_color:
    dependency: "direct main"
    description:
      name: dynamic_color
      sha256: de4798a7069121aee12d5895315680258415de9b00e717723a1bd73d58f0126d
      url: "https://pub.dev"
    source: hosted
    version: "1.6.6"
  extended_image:
    dependency: transitive
    description:
      name: extended_image
      sha256: e77d18f956649ba6e5ecebd0cb68542120886336a75ee673788145bd4c3f0767
      url: "https://pub.dev"
    source: hosted
    version: "8.0.2"
  extended_image_library:
    dependency: transitive
    description:
      name: extended_image_library
      sha256: bb8d08c504ebc73d476ec1c99451a61f12e95538869e734fc4f55a3a2d5c98ec
      url: "https://pub.dev"
    source: hosted
    version: "3.5.3"
  fake_async:
    dependency: transitive
    description:
      name: fake_async
      sha256: "511392330127add0b769b75a987850d136345d9227c6b94c96a04cf4a391bf78"
      url: "https://pub.dev"
    source: hosted
    version: "1.3.1"
  ffi:
    dependency: transitive
    description:
      name: ffi
      sha256: "7bf0adc28a23d395f19f3f1eb21dd7cfd1dd9f8e1c50051c069122e6853bc878"
      url: "https://pub.dev"
    source: hosted
    version: "2.1.0"
  file:
    dependency: transitive
    description:
      name: file
      sha256: "1b92bec4fc2a72f59a8e15af5f52cd441e4a7860b49499d69dfa817af20e925d"
      url: "https://pub.dev"
    source: hosted
    version: "6.1.4"
  file_picker:
    dependency: "direct main"
    description:
      name: file_picker
      sha256: "21145c9c268d54b1f771d8380c195d2d6f655e0567dc1ca2f9c134c02c819e0a"
      url: "https://pub.dev"
    source: hosted
    version: "5.3.3"
  file_selector_linux:
    dependency: transitive
    description:
      name: file_selector_linux
      sha256: "770eb1ab057b5ae4326d1c24cc57710758b9a46026349d021d6311bd27580046"
      url: "https://pub.dev"
    source: hosted
    version: "0.9.2"
  file_selector_macos:
    dependency: transitive
    description:
      name: file_selector_macos
      sha256: "4ada532862917bf16e3adb3891fe3a5917a58bae03293e497082203a80909412"
      url: "https://pub.dev"
    source: hosted
    version: "0.9.3+1"
  file_selector_platform_interface:
    dependency: transitive
    description:
      name: file_selector_platform_interface
      sha256: "412705a646a0ae90f33f37acfae6a0f7cbc02222d6cd34e479421c3e74d3853c"
      url: "https://pub.dev"
    source: hosted
    version: "2.6.0"
  file_selector_windows:
    dependency: transitive
    description:
      name: file_selector_windows
      sha256: "1372760c6b389842b77156203308940558a2817360154084368608413835fc26"
      url: "https://pub.dev"
    source: hosted
    version: "0.9.3"
  fixnum:
    dependency: transitive
    description:
      name: fixnum
      sha256: "25517a4deb0c03aa0f32fd12db525856438902d9c16536311e76cdc57b31d7d1"
      url: "https://pub.dev"
    source: hosted
    version: "1.1.0"
  flutter:
    dependency: "direct main"
    description: flutter
    source: sdk
    version: "0.0.0"
  flutter_gen_core:
    dependency: transitive
    description:
      name: flutter_gen_core
      sha256: e8637dd6a59860f89e5e71be0a27101ec32dad1a0ed7fd879fd23b6e91d5004d
      url: "https://pub.dev"
    source: hosted
    version: "5.3.1"
  flutter_gen_runner:
    dependency: "direct dev"
    description:
      name: flutter_gen_runner
      sha256: "7de1bf4fc0439be0fef3178b6423d5c7f1f9f3a38a7c6fafe75d7f70ff4856d7"
      url: "https://pub.dev"
    source: hosted
    version: "5.3.1"
  flutter_lints:
    dependency: "direct dev"
    description:
      name: flutter_lints
      sha256: "2118df84ef0c3ca93f96123a616ae8540879991b8b57af2f81b76a7ada49b2a4"
      url: "https://pub.dev"
    source: hosted
    version: "2.0.2"
  flutter_localizations:
    dependency: "direct main"
    description: flutter
    source: sdk
    version: "0.0.0"
  flutter_markdown:
    dependency: "direct main"
    description:
      name: flutter_markdown
      sha256: "2b206d397dd7836ea60035b2d43825c8a303a76a5098e66f42d55a753e18d431"
      url: "https://pub.dev"
    source: hosted
    version: "0.6.17+1"
  flutter_plugin_android_lifecycle:
    dependency: transitive
    description:
      name: flutter_plugin_android_lifecycle
      sha256: "950e77c2bbe1692bc0874fc7fb491b96a4dc340457f4ea1641443d0a6c1ea360"
      url: "https://pub.dev"
    source: hosted
    version: "2.0.15"
  flutter_test:
    dependency: transitive
    description: flutter
    source: sdk
    version: "0.0.0"
  flutter_web_plugins:
    dependency: transitive
    description: flutter
    source: sdk
    version: "0.0.0"
  freezed:
    dependency: "direct dev"
    description:
      name: freezed
      sha256: a9520490532087cf38bf3f7de478ab6ebeb5f68bb1eb2641546d92719b224445
      url: "https://pub.dev"
    source: hosted
    version: "2.3.5"
  freezed_annotation:
    dependency: "direct main"
    description:
      name: freezed_annotation
      sha256: c3fd9336eb55a38cc1bbd79ab17573113a8deccd0ecbbf926cca3c62803b5c2d
      url: "https://pub.dev"
    source: hosted
    version: "2.4.1"
  frontend_server_client:
    dependency: transitive
    description:
      name: frontend_server_client
      sha256: "408e3ca148b31c20282ad6f37ebfa6f4bdc8fede5b74bc2f08d9d92b55db3612"
      url: "https://pub.dev"
    source: hosted
    version: "3.2.0"
  gal:
    dependency: "direct main"
    description:
      name: gal
      sha256: "612a2bb6268a8eefc520cdd38d4df03a5938adb81766dce1e3f1e7238d099020"
      url: "https://pub.dev"
    source: hosted
    version: "1.8.6"
  get_it:
    dependency: transitive
    description:
      name: get_it
      sha256: "529de303c739fca98cd7ece5fca500d8ff89649f1bb4b4e94fb20954abcd7468"
      url: "https://pub.dev"
    source: hosted
    version: "7.6.0"
  glob:
    dependency: transitive
    description:
      name: glob
      sha256: "0e7014b3b7d4dac1ca4d6114f82bf1782ee86745b9b42a92c9289c23d8a0ab63"
      url: "https://pub.dev"
    source: hosted
    version: "2.1.2"
  graphs:
    dependency: transitive
    description:
      name: graphs
      sha256: aedc5a15e78fc65a6e23bcd927f24c64dd995062bcd1ca6eda65a3cff92a4d19
      url: "https://pub.dev"
    source: hosted
    version: "2.3.1"
  html:
    dependency: transitive
    description:
      name: html
      sha256: "3a7812d5bcd2894edf53dfaf8cd640876cf6cef50a8f238745c8b8120ea74d3a"
      url: "https://pub.dev"
    source: hosted
    version: "0.15.4"
  http:
    dependency: transitive
    description:
      name: http
      sha256: "759d1a329847dd0f39226c688d3e06a6b8679668e350e2891a6474f8b4bb8525"
      url: "https://pub.dev"
    source: hosted
    version: "1.1.0"
  http_client_helper:
    dependency: transitive
    description:
      name: http_client_helper
      sha256: "8a9127650734da86b5c73760de2b404494c968a3fd55602045ffec789dac3cb1"
      url: "https://pub.dev"
    source: hosted
    version: "3.0.0"
  http_methods:
    dependency: transitive
    description:
      name: http_methods
      sha256: "6bccce8f1ec7b5d701e7921dca35e202d425b57e317ba1a37f2638590e29e566"
      url: "https://pub.dev"
    source: hosted
    version: "1.1.1"
  http_multi_server:
    dependency: transitive
    description:
      name: http_multi_server
      sha256: "97486f20f9c2f7be8f514851703d0119c3596d14ea63227af6f7a481ef2b2f8b"
      url: "https://pub.dev"
    source: hosted
    version: "3.2.1"
  http_parser:
    dependency: transitive
    description:
      name: http_parser
      sha256: "2aa08ce0341cc9b354a498388e30986515406668dbcc4f7c950c3e715496693b"
      url: "https://pub.dev"
    source: hosted
    version: "4.0.2"
  image:
    dependency: transitive
    description:
      name: image
      sha256: a72242c9a0ffb65d03de1b7113bc4e189686fc07c7147b8b41811d0dd0e0d9bf
      url: "https://pub.dev"
    source: hosted
    version: "4.0.17"
  image_picker:
    dependency: "direct main"
    description:
      name: image_picker
      sha256: "841837258e0b42c80946c43443054fc726f5e8aa84a97f363eb9ef0d45b33c14"
      url: "https://pub.dev"
    source: hosted
    version: "1.0.2"
  image_picker_android:
    dependency: transitive
    description:
      name: image_picker_android
      sha256: "8179b54039b50eee561676232304f487602e2950ffb3e8995ed9034d6505ca34"
      url: "https://pub.dev"
    source: hosted
    version: "0.8.7+4"
  image_picker_for_web:
    dependency: transitive
    description:
      name: image_picker_for_web
      sha256: "8b6c160cdbe572199103a091c783685b236110e4a0fd7a4947f32ff5b7da8765"
      url: "https://pub.dev"
    source: hosted
    version: "3.0.0"
  image_picker_ios:
    dependency: transitive
    description:
      name: image_picker_ios
      sha256: bee3b7c7e6266a37fb1bfdc275bc60427029d447205d44933aac130fbb9d3330
      url: "https://pub.dev"
    source: hosted
    version: "0.8.8+1"
  image_picker_linux:
    dependency: transitive
    description:
      name: image_picker_linux
      sha256: "02cbc21fe1706b97942b575966e5fbbeaac535e76deef70d3a242e4afb857831"
      url: "https://pub.dev"
    source: hosted
    version: "0.2.1"
  image_picker_macos:
    dependency: transitive
    description:
      name: image_picker_macos
      sha256: cee2aa86c56780c13af2c77b5f2f72973464db204569e1ba2dd744459a065af4
      url: "https://pub.dev"
    source: hosted
    version: "0.2.1"
  image_picker_platform_interface:
    dependency: transitive
    description:
      name: image_picker_platform_interface
      sha256: c1134543ae2187e85299996d21c526b2f403854994026d575ae4cf30d7bb2a32
      url: "https://pub.dev"
    source: hosted
    version: "2.9.0"
  image_picker_windows:
    dependency: transitive
    description:
      name: image_picker_windows
      sha256: c3066601ea42113922232c7b7b3330a2d86f029f685bba99d82c30e799914952
      url: "https://pub.dev"
    source: hosted
    version: "0.2.1"
  intl:
    dependency: "direct main"
    description:
      name: intl
      sha256: a3715e3bc90294e971cb7dc063fbf3cd9ee0ebf8604ffeafabd9e6f16abbdbe6
      url: "https://pub.dev"
    source: hosted
    version: "0.18.0"
  io:
    dependency: transitive
    description:
      name: io
      sha256: "2ec25704aba361659e10e3e5f5d672068d332fc8ac516421d483a11e5cbd061e"
      url: "https://pub.dev"
    source: hosted
    version: "1.0.4"
  js:
    dependency: transitive
    description:
      name: js
      sha256: f2c445dce49627136094980615a031419f7f3eb393237e4ecd97ac15dea343f3
      url: "https://pub.dev"
    source: hosted
    version: "0.6.7"
  json2yaml:
    dependency: transitive
    description:
      name: json2yaml
      sha256: da94630fbc56079426fdd167ae58373286f603371075b69bf46d848d63ba3e51
      url: "https://pub.dev"
    source: hosted
    version: "3.0.1"
  json_annotation:
    dependency: "direct main"
    description:
      name: json_annotation
      sha256: b10a7b2ff83d83c777edba3c6a0f97045ddadd56c944e1a23a3fdf43a1bf4467
      url: "https://pub.dev"
    source: hosted
    version: "4.8.1"
  json_serializable:
    dependency: "direct dev"
    description:
      name: json_serializable
      sha256: aa1f5a8912615733e0fdc7a02af03308933c93235bdc8d50d0b0c8a8ccb0b969
      url: "https://pub.dev"
    source: hosted
    version: "6.7.1"
  launch_at_startup:
    dependency: "direct main"
    description:
      name: launch_at_startup
      sha256: "93fc5638e088290004fae358bae691486673d469957d461d9dae5b12248593eb"
      url: "https://pub.dev"
    source: hosted
    version: "0.2.2"
  lints:
    dependency: transitive
    description:
      name: lints
      sha256: "0a217c6c989d21039f1498c3ed9f3ed71b354e69873f13a8dfc3c9fe76f1b452"
      url: "https://pub.dev"
    source: hosted
    version: "2.1.1"
  logging:
    dependency: "direct main"
    description:
      name: logging
      sha256: "623a88c9594aa774443aa3eb2d41807a48486b5613e67599fb4c41c0ad47c340"
      url: "https://pub.dev"
    source: hosted
    version: "1.2.0"
  markdown:
    dependency: transitive
    description:
      name: markdown
      sha256: acf35edccc0463a9d7384e437c015a3535772e09714cf60e07eeef3a15870dcd
      url: "https://pub.dev"
    source: hosted
    version: "7.1.1"
  matcher:
    dependency: transitive
    description:
      name: matcher
      sha256: "6501fbd55da300384b768785b83e5ce66991266cec21af89ab9ae7f5ce1c4cbb"
      url: "https://pub.dev"
    source: hosted
    version: "0.12.15"
  material_color_utilities:
    dependency: transitive
    description:
      name: material_color_utilities
      sha256: d92141dc6fe1dad30722f9aa826c7fbc896d021d792f80678280601aff8cf724
      url: "https://pub.dev"
    source: hosted
    version: "0.2.0"
  menu_base:
    dependency: transitive
    description:
      name: menu_base
      sha256: "820368014a171bd1241030278e6c2617354f492f5c703d7b7d4570a6b8b84405"
      url: "https://pub.dev"
    source: hosted
    version: "0.1.1"
  meta:
    dependency: transitive
    description:
      name: meta
      sha256: "3c74dbf8763d36539f114c799d8a2d87343b5067e9d796ca22b5eb8437090ee3"
      url: "https://pub.dev"
    source: hosted
    version: "1.9.1"
  mime:
    dependency: "direct main"
    description:
      name: mime
      sha256: e4ff8e8564c03f255408decd16e7899da1733852a9110a58fe6d1b817684a63e
      url: "https://pub.dev"
    source: hosted
    version: "1.0.4"
  msix:
    dependency: "direct dev"
    description:
      name: msix
      sha256: "76c87b8207323803169626a55afd78bbb8413c984df349a76598b9fbf9224677"
      url: "https://pub.dev"
    source: hosted
    version: "3.16.1"
  nested:
    dependency: transitive
    description:
      name: nested
      sha256: "03bac4c528c64c95c722ec99280375a6f2fc708eec17c7b3f07253b626cd2a20"
      url: "https://pub.dev"
    source: hosted
    version: "1.0.0"
  network_info_plus:
    dependency: "direct main"
    description:
      path: "packages/network_info_plus/network_info_plus"
      ref: "646655dd27facd2ac61e9b9557c6f4b0c6b966a9"
      resolved-ref: "646655dd27facd2ac61e9b9557c6f4b0c6b966a9"
      url: "https://github.com/Tienisto/plus_plugins.git"
    source: git
    version: "4.0.2"
  network_info_plus_platform_interface:
    dependency: transitive
    description:
      name: network_info_plus_platform_interface
      sha256: "881f5029c5edaf19c616c201d3d8b366c5b1384afd5c1da5a49e4345de82fb8b"
      url: "https://pub.dev"
    source: hosted
    version: "1.1.3"
  nm:
    dependency: transitive
    description:
      name: nm
      sha256: "2c9aae4127bdc8993206464fcc063611e0e36e72018696cd9631023a31b24254"
      url: "https://pub.dev"
    source: hosted
    version: "0.5.0"
  node_preamble:
    dependency: transitive
    description:
      name: node_preamble
      sha256: "6e7eac89047ab8a8d26cf16127b5ed26de65209847630400f9aefd7cd5c730db"
      url: "https://pub.dev"
    source: hosted
    version: "2.0.2"
  open_filex:
    dependency: "direct main"
    description:
      name: open_filex
      sha256: "854aefd72dfd74219dc8c8d1767c34ec1eae64b8399a5be317bddb1ec2108915"
      url: "https://pub.dev"
    source: hosted
    version: "4.3.2"
  package_config:
    dependency: transitive
    description:
      name: package_config
      sha256: "1c5b77ccc91e4823a5af61ee74e6b972db1ef98c2ff5a18d3161c982a55448bd"
      url: "https://pub.dev"
    source: hosted
    version: "2.1.0"
  package_info_plus:
    dependency: "direct main"
    description:
      name: package_info_plus
      sha256: "6ff267fcd9d48cb61c8df74a82680e8b82e940231bb5f68356672fde0397334a"
      url: "https://pub.dev"
    source: hosted
    version: "4.1.0"
  package_info_plus_platform_interface:
    dependency: transitive
    description:
      name: package_info_plus_platform_interface
      sha256: "9bc8ba46813a4cc42c66ab781470711781940780fd8beddd0c3da62506d3a6c6"
      url: "https://pub.dev"
    source: hosted
    version: "2.0.1"
  path:
    dependency: "direct main"
    description:
      name: path
      sha256: "8829d8a55c13fc0e37127c29fedf290c102f4e40ae94ada574091fe0ff96c917"
      url: "https://pub.dev"
    source: hosted
    version: "1.8.3"
  path_provider:
    dependency: "direct main"
    description:
      name: path_provider
      sha256: "909b84830485dbcd0308edf6f7368bc8fd76afa26a270420f34cabea2a6467a0"
      url: "https://pub.dev"
    source: hosted
    version: "2.1.0"
  path_provider_android:
    dependency: transitive
    description:
      name: path_provider_android
      sha256: "5d44fc3314d969b84816b569070d7ace0f1dea04bd94a83f74c4829615d22ad8"
      url: "https://pub.dev"
    source: hosted
    version: "2.1.0"
  path_provider_foundation:
    dependency: transitive
    description:
      name: path_provider_foundation
      sha256: "1b744d3d774e5a879bb76d6cd1ecee2ba2c6960c03b1020cd35212f6aa267ac5"
      url: "https://pub.dev"
    source: hosted
    version: "2.3.0"
  path_provider_linux:
    dependency: transitive
    description:
      name: path_provider_linux
      sha256: ba2b77f0c52a33db09fc8caf85b12df691bf28d983e84cf87ff6d693cfa007b3
      url: "https://pub.dev"
    source: hosted
    version: "2.2.0"
  path_provider_platform_interface:
    dependency: transitive
    description:
      name: path_provider_platform_interface
      sha256: bced5679c7df11190e1ddc35f3222c858f328fff85c3942e46e7f5589bf9eb84
      url: "https://pub.dev"
    source: hosted
    version: "2.1.0"
  path_provider_windows:
    dependency: transitive
    description:
      name: path_provider_windows
      sha256: ee0e0d164516b90ae1f970bdf29f726f1aa730d7cfc449ecc74c495378b705da
      url: "https://pub.dev"
    source: hosted
    version: "2.2.0"
  permission_handler:
    dependency: "direct main"
    description:
      name: permission_handler
      sha256: "63e5216aae014a72fe9579ccd027323395ce7a98271d9defa9d57320d001af81"
      url: "https://pub.dev"
    source: hosted
    version: "10.4.3"
  permission_handler_android:
    dependency: transitive
    description:
      name: permission_handler_android
      sha256: "2ffaf52a21f64ac9b35fe7369bb9533edbd4f698e5604db8645b1064ff4cf221"
      url: "https://pub.dev"
    source: hosted
    version: "10.3.3"
  permission_handler_apple:
    dependency: transitive
    description:
      name: permission_handler_apple
      sha256: "99e220bce3f8877c78e4ace901082fb29fa1b4ebde529ad0932d8d664b34f3f5"
      url: "https://pub.dev"
    source: hosted
    version: "9.1.4"
  permission_handler_platform_interface:
    dependency: transitive
    description:
      name: permission_handler_platform_interface
      sha256: "7c6b1500385dd1d2ca61bb89e2488ca178e274a69144d26bbd65e33eae7c02a9"
      url: "https://pub.dev"
    source: hosted
    version: "3.11.3"
  permission_handler_windows:
    dependency: "direct overridden"
    description:
      path: "."
      ref: fc09b707ab4535a9214c87b16f09feda7e765d90
      resolved-ref: fc09b707ab4535a9214c87b16f09feda7e765d90
      url: "https://github.com/localsend/permission_handler_windows_noop.git"
    source: git
    version: "0.1.2"
  petitparser:
    dependency: transitive
    description:
      name: petitparser
      sha256: cb3798bef7fc021ac45b308f4b51208a152792445cce0448c9a4ba5879dd8750
      url: "https://pub.dev"
    source: hosted
    version: "5.4.0"
  photo_manager:
    dependency: transitive
    description:
      name: photo_manager
      sha256: b2d81bd197323697d1b335e2e04cea2f67e11624ced77cfd02917a10afaeba73
      url: "https://pub.dev"
    source: hosted
    version: "2.7.1"
  platform:
    dependency: transitive
    description:
      name: platform
      sha256: "57c07bf82207aee366dfaa3867b3164e4f03a238a461a11b0e8a3a510d51203d"
      url: "https://pub.dev"
    source: hosted
    version: "3.1.1"
  plugin_platform_interface:
    dependency: transitive
    description:
      name: plugin_platform_interface
      sha256: "43798d895c929056255600343db8f049921cbec94d31ec87f1dc5c16c01935dd"
      url: "https://pub.dev"
    source: hosted
    version: "2.1.5"
  pointycastle:
    dependency: transitive
    description:
      name: pointycastle
      sha256: "7c1e5f0d23c9016c5bbd8b1473d0d3fb3fc851b876046039509e18e0c7485f2c"
      url: "https://pub.dev"
    source: hosted
    version: "3.7.3"
  pool:
    dependency: transitive
    description:
      name: pool
      sha256: "20fe868b6314b322ea036ba325e6fc0711a22948856475e2c2b6306e8ab39c2a"
      url: "https://pub.dev"
    source: hosted
    version: "1.5.1"
  pretty_qr_code:
    dependency: "direct main"
    description:
      name: pretty_qr_code
      sha256: ea7ccb3069e0f5b89b441449b9ec10f4148ddda7a4bef89a130d2ebdaa0be647
      url: "https://pub.dev"
    source: hosted
    version: "2.0.3"
  provider:
    dependency: transitive
    description:
      name: provider
      sha256: cdbe7530b12ecd9eb455bdaa2fcb8d4dad22e80b8afb4798b41479d5ce26847f
      url: "https://pub.dev"
    source: hosted
    version: "6.0.5"
  pub_semver:
    dependency: transitive
    description:
      name: pub_semver
      sha256: "40d3ab1bbd474c4c2328c91e3a7df8c6dd629b79ece4c4bd04bee496a224fb0c"
      url: "https://pub.dev"
    source: hosted
    version: "2.1.4"
  pubspec_parse:
    dependency: transitive
    description:
      name: pubspec_parse
      sha256: c63b2876e58e194e4b0828fcb080ad0e06d051cb607a6be51a9e084f47cb9367
      url: "https://pub.dev"
    source: hosted
    version: "1.2.3"
  qr:
    dependency: transitive
    description:
      name: qr
      sha256: "64957a3930367bf97cc211a5af99551d630f2f4625e38af10edd6b19131b64b3"
      url: "https://pub.dev"
    source: hosted
    version: "3.0.1"
  riverpie:
    dependency: transitive
    description:
      name: riverpie
      sha256: db9f2d137d0f56fa5f913ac82280548061179c40d2686f4f4c61778daedb0a19
      url: "https://pub.dev"
    source: hosted
    version: "0.16.0"
  riverpie_flutter:
    dependency: "direct main"
    description:
      name: riverpie_flutter
      sha256: e2d905baceec574fd111f5e52c881a4d860239e7693bd756341c7ec5bfba95d2
      url: "https://pub.dev"
    source: hosted
    version: "0.16.0"
  routerino:
    dependency: "direct main"
    description:
      name: routerino
      sha256: "204affbe5304d107fec4df606a72deb34c4c9d75661d4357961f58d567bb448f"
      url: "https://pub.dev"
    source: hosted
    version: "0.8.0"
  screen_retriever:
    dependency: "direct main"
    description:
      name: screen_retriever
      sha256: "4931f226ca158123ccd765325e9fbf360bfed0af9b460a10f960f9bb13d58323"
      url: "https://pub.dev"
    source: hosted
    version: "0.1.6"
  share_handler:
    dependency: "direct main"
    description:
      name: share_handler
      sha256: "1cafe26e024e988de3aff73c5425a48a1374e497152ddd4f54fc9f48c40e80fe"
      url: "https://pub.dev"
    source: hosted
    version: "0.0.17"
  share_handler_android:
    dependency: transitive
    description:
      name: share_handler_android
      sha256: "6e752f2c4f67a9f7bef5503f6e1b0dd6075e127cafe7763d92649559c3692bc6"
      url: "https://pub.dev"
    source: hosted
    version: "0.0.7"
  share_handler_ios:
    dependency: transitive
    description:
      name: share_handler_ios
      sha256: "25815e7946b03848f404bd5bc8e58c94060dd050fb7fe3a2b556a464379c5ee1"
      url: "https://pub.dev"
    source: hosted
    version: "0.0.10"
  share_handler_platform_interface:
    dependency: transitive
    description:
      name: share_handler_platform_interface
      sha256: "7a4df95a87b326b2f07458d937f2281874567c364b7b7ebe4e7d50efaae5f106"
      url: "https://pub.dev"
    source: hosted
    version: "0.0.6"
  shared_preferences:
    dependency: "direct main"
    description:
      name: shared_preferences
      sha256: "0344316c947ffeb3a529eac929e1978fcd37c26be4e8468628bac399365a3ca1"
      url: "https://pub.dev"
    source: hosted
    version: "2.2.0"
  shared_preferences_android:
    dependency: transitive
    description:
      name: shared_preferences_android
      sha256: fe8401ec5b6dcd739a0fe9588802069e608c3fdbfd3c3c93e546cf2f90438076
      url: "https://pub.dev"
    source: hosted
    version: "2.2.0"
  shared_preferences_foundation:
    dependency: transitive
    description:
      name: shared_preferences_foundation
      sha256: d29753996d8eb8f7619a1f13df6ce65e34bc107bef6330739ed76f18b22310ef
      url: "https://pub.dev"
    source: hosted
    version: "2.3.3"
  shared_preferences_linux:
    dependency: transitive
    description:
      name: shared_preferences_linux
      sha256: "71d6806d1449b0a9d4e85e0c7a917771e672a3d5dc61149cc9fac871115018e1"
      url: "https://pub.dev"
    source: hosted
    version: "2.3.0"
  shared_preferences_platform_interface:
    dependency: transitive
    description:
      name: shared_preferences_platform_interface
      sha256: "23b052f17a25b90ff2b61aad4cc962154da76fb62848a9ce088efe30d7c50ab1"
      url: "https://pub.dev"
    source: hosted
    version: "2.3.0"
  shared_preferences_web:
    dependency: transitive
    description:
      name: shared_preferences_web
      sha256: "7347b194fb0bbeb4058e6a4e87ee70350b6b2b90f8ac5f8bd5b3a01548f6d33a"
      url: "https://pub.dev"
    source: hosted
    version: "2.2.0"
  shared_preferences_windows:
    dependency: transitive
    description:
      name: shared_preferences_windows
      sha256: f95e6a43162bce43c9c3405f3eb6f39e5b5d11f65fab19196cf8225e2777624d
      url: "https://pub.dev"
    source: hosted
    version: "2.3.0"
  shared_storage:
    dependency: "direct main"
    description:
      name: shared_storage
      sha256: "7c65a9d64f0f5521256be974cfd74010af12196657cec9f9fb7b03b2f11bcaf6"
      url: "https://pub.dev"
    source: hosted
    version: "0.8.0"
  shelf:
    dependency: "direct main"
    description:
      name: shelf
      sha256: ad29c505aee705f41a4d8963641f91ac4cee3c8fad5947e033390a7bd8180fa4
      url: "https://pub.dev"
    source: hosted
    version: "1.4.1"
  shelf_packages_handler:
    dependency: transitive
    description:
      name: shelf_packages_handler
      sha256: "89f967eca29607c933ba9571d838be31d67f53f6e4ee15147d5dc2934fee1b1e"
      url: "https://pub.dev"
    source: hosted
    version: "3.0.2"
  shelf_router:
    dependency: "direct main"
    description:
      name: shelf_router
      sha256: f5e5d492440a7fb165fe1e2e1a623f31f734d3370900070b2b1e0d0428d59864
      url: "https://pub.dev"
    source: hosted
    version: "1.1.4"
  shelf_static:
    dependency: transitive
    description:
      name: shelf_static
      sha256: a41d3f53c4adf0f57480578c1d61d90342cd617de7fc8077b1304643c2d85c1e
      url: "https://pub.dev"
    source: hosted
    version: "1.1.2"
  shelf_web_socket:
    dependency: transitive
    description:
      name: shelf_web_socket
      sha256: "9ca081be41c60190ebcb4766b2486a7d50261db7bd0f5d9615f2d653637a84c1"
      url: "https://pub.dev"
    source: hosted
    version: "1.0.4"
  shortid:
    dependency: transitive
    description:
      name: shortid
      sha256: d0b40e3dbb50497dad107e19c54ca7de0d1a274eb9b4404991e443dadb9ebedb
      url: "https://pub.dev"
    source: hosted
    version: "0.1.2"
  sky_engine:
    dependency: transitive
    description: flutter
    source: sdk
    version: "0.0.99"
  slang:
    dependency: "direct main"
    description:
      name: slang
      sha256: "45a2ff7f32d8db403226689c88f895df454ebc01fedf08266c6d62d52190afa6"
      url: "https://pub.dev"
    source: hosted
    version: "3.23.0"
  slang_build_runner:
    dependency: "direct dev"
    description:
      name: slang_build_runner
      sha256: cae2394a6a1b4a6f76360900a4124d26a7b6c513d4e1ffc0da2b882450c86e16
      url: "https://pub.dev"
    source: hosted
    version: "3.23.0"
  slang_flutter:
    dependency: "direct main"
    description:
      name: slang_flutter
      sha256: b2d7b4be6c5076e777b7c80a02279d661dcdc4e8758fd0ac56b125f1db5d203e
      url: "https://pub.dev"
    source: hosted
    version: "3.23.0"
  slang_gpt:
    dependency: "direct dev"
    description:
      name: slang_gpt
      sha256: "4419af0f20d8235ee40d9979bd88d4fcadaed5d0592e3d2b4091a34715dca2b4"
      url: "https://pub.dev"
    source: hosted
    version: "0.8.1"
  source_gen:
    dependency: transitive
    description:
      name: source_gen
      sha256: fc0da689e5302edb6177fdd964efcb7f58912f43c28c2047a808f5bfff643d16
      url: "https://pub.dev"
    source: hosted
    version: "1.4.0"
  source_helper:
    dependency: transitive
    description:
      name: source_helper
      sha256: "6adebc0006c37dd63fe05bca0a929b99f06402fc95aa35bf36d67f5c06de01fd"
      url: "https://pub.dev"
    source: hosted
    version: "1.3.4"
  source_map_stack_trace:
    dependency: transitive
    description:
      name: source_map_stack_trace
      sha256: "84cf769ad83aa6bb61e0aa5a18e53aea683395f196a6f39c4c881fb90ed4f7ae"
      url: "https://pub.dev"
    source: hosted
    version: "2.1.1"
  source_maps:
    dependency: transitive
    description:
      name: source_maps
      sha256: "708b3f6b97248e5781f493b765c3337db11c5d2c81c3094f10904bfa8004c703"
      url: "https://pub.dev"
    source: hosted
    version: "0.10.12"
  source_span:
    dependency: transitive
    description:
      name: source_span
      sha256: dd904f795d4b4f3b870833847c461801f6750a9fa8e61ea5ac53f9422b31f250
      url: "https://pub.dev"
    source: hosted
    version: "1.9.1"
  stack_trace:
    dependency: transitive
    description:
      name: stack_trace
      sha256: c3c7d8edb15bee7f0f74debd4b9c5f3c2ea86766fe4178eb2a18eb30a0bdaed5
      url: "https://pub.dev"
    source: hosted
    version: "1.11.0"
  stream_channel:
    dependency: transitive
    description:
      name: stream_channel
      sha256: "83615bee9045c1d322bbbd1ba209b7a749c2cbcdcb3fdd1df8eb488b3279c1c8"
      url: "https://pub.dev"
    source: hosted
    version: "2.1.1"
  stream_transform:
    dependency: transitive
    description:
      name: stream_transform
      sha256: "14a00e794c7c11aa145a170587321aedce29769c08d7f58b1d141da75e3b1c6f"
      url: "https://pub.dev"
    source: hosted
    version: "2.1.0"
  string_scanner:
    dependency: transitive
    description:
      name: string_scanner
      sha256: "556692adab6cfa87322a115640c11f13cb77b3f076ddcc5d6ae3c20242bedcde"
      url: "https://pub.dev"
    source: hosted
    version: "1.2.0"
  system_settings:
    dependency: "direct main"
    description:
      name: system_settings
      sha256: "666693f8dace789bcf1200a88f6132b6906026643a5ee93ff140d3a547e5faf1"
      url: "https://pub.dev"
    source: hosted
    version: "2.1.0"
  system_tray:
    dependency: "direct main"
    description:
      name: system_tray
      sha256: "40444e5de8ed907822a98694fd031b8accc3cb3c0baa547634ce76189cf3d9cf"
      url: "https://pub.dev"
    source: hosted
    version: "2.0.3"
  term_glyph:
    dependency: transitive
    description:
      name: term_glyph
      sha256: a29248a84fbb7c79282b40b8c72a1209db169a2e0542bce341da992fe1bc7e84
      url: "https://pub.dev"
    source: hosted
    version: "1.2.1"
  test:
    dependency: "direct dev"
    description:
      name: test
      sha256: "3dac9aecf2c3991d09b9cdde4f98ded7b30804a88a0d7e4e7e1678e78d6b97f4"
      url: "https://pub.dev"
    source: hosted
    version: "1.24.1"
  test_api:
    dependency: transitive
    description:
      name: test_api
      sha256: eb6ac1540b26de412b3403a163d919ba86f6a973fe6cc50ae3541b80092fdcfb
      url: "https://pub.dev"
    source: hosted
    version: "0.5.1"
  test_core:
    dependency: transitive
    description:
      name: test_core
      sha256: "5138dbffb77b2289ecb12b81c11ba46036590b72a64a7a90d6ffb880f1a29e93"
      url: "https://pub.dev"
    source: hosted
    version: "0.5.1"
  time:
    dependency: transitive
    description:
      name: time
      sha256: "83427e11d9072e038364a5e4da559e85869b227cf699a541be0da74f14140124"
      url: "https://pub.dev"
    source: hosted
    version: "2.1.3"
  timing:
    dependency: transitive
    description:
      name: timing
      sha256: "70a3b636575d4163c477e6de42f247a23b315ae20e86442bebe32d3cabf61c32"
      url: "https://pub.dev"
    source: hosted
    version: "1.0.1"
  tray_manager:
    dependency: "direct main"
    description:
      path: "."
      ref: b37f5e088e0f02c45a684ae41e9d2da2d5c596db
      resolved-ref: b37f5e088e0f02c45a684ae41e9d2da2d5c596db
      url: "https://github.com/Tienisto/tray_manager.git"
    source: git
    version: "0.2.0"
  typed_data:
    dependency: transitive
    description:
      name: typed_data
      sha256: facc8d6582f16042dd49f2463ff1bd6e2c9ef9f3d5da3d9b087e244a7b564b3c
      url: "https://pub.dev"
    source: hosted
    version: "1.3.2"
  url_launcher:
    dependency: "direct main"
    description:
      name: url_launcher
      sha256: "781bd58a1eb16069412365c98597726cd8810ae27435f04b3b4d3a470bacd61e"
      url: "https://pub.dev"
    source: hosted
    version: "6.1.12"
  url_launcher_android:
    dependency: transitive
    description:
      name: url_launcher_android
      sha256: "3dd2388cc0c42912eee04434531a26a82512b9cb1827e0214430c9bcbddfe025"
      url: "https://pub.dev"
    source: hosted
    version: "6.0.38"
  url_launcher_ios:
    dependency: transitive
    description:
      name: url_launcher_ios
      sha256: "9af7ea73259886b92199f9e42c116072f05ff9bea2dcb339ab935dfc957392c2"
      url: "https://pub.dev"
    source: hosted
    version: "6.1.4"
  url_launcher_linux:
    dependency: transitive
    description:
      name: url_launcher_linux
      sha256: "207f4ddda99b95b4d4868320a352d374b0b7e05eefad95a4a26f57da413443f5"
      url: "https://pub.dev"
    source: hosted
    version: "3.0.5"
  url_launcher_macos:
    dependency: transitive
    description:
      name: url_launcher_macos
      sha256: "1c4fdc0bfea61a70792ce97157e5cc17260f61abbe4f39354513f39ec6fd73b1"
      url: "https://pub.dev"
    source: hosted
    version: "3.0.6"
  url_launcher_platform_interface:
    dependency: transitive
    description:
      name: url_launcher_platform_interface
      sha256: bfdfa402f1f3298637d71ca8ecfe840b4696698213d5346e9d12d4ab647ee2ea
      url: "https://pub.dev"
    source: hosted
    version: "2.1.3"
  url_launcher_web:
    dependency: transitive
    description:
      name: url_launcher_web
      sha256: cc26720eefe98c1b71d85f9dc7ef0cada5132617046369d9dc296b3ecaa5cbb4
      url: "https://pub.dev"
    source: hosted
    version: "2.0.18"
  url_launcher_windows:
    dependency: transitive
    description:
      name: url_launcher_windows
      sha256: "7967065dd2b5fccc18c653b97958fdf839c5478c28e767c61ee879f4e7882422"
      url: "https://pub.dev"
    source: hosted
    version: "3.0.7"
  uuid:
    dependency: "direct main"
    description:
      name: uuid
      sha256: "648e103079f7c64a36dc7d39369cabb358d377078a051d6ae2ad3aa539519313"
      url: "https://pub.dev"
    source: hosted
    version: "3.0.7"
  vector_math:
    dependency: transitive
    description:
      name: vector_math
      sha256: "80b3257d1492ce4d091729e3a67a60407d227c27241d6927be0130c98e741803"
      url: "https://pub.dev"
    source: hosted
    version: "2.1.4"
  video_player:
    dependency: transitive
    description:
      name: video_player
      sha256: "3fd106c74da32f336dc7feb65021da9b0207cb3124392935f1552834f7cce822"
      url: "https://pub.dev"
    source: hosted
    version: "2.7.0"
  video_player_android:
    dependency: transitive
    description:
      name: video_player_android
      sha256: f338a5a396c845f4632959511cad3542cdf3167e1b2a1a948ef07f7123c03608
      url: "https://pub.dev"
    source: hosted
    version: "2.4.9"
  video_player_avfoundation:
    dependency: transitive
    description:
      name: video_player_avfoundation
      sha256: f5f5b7fe8c865be8a57fe80c2dca130772e1db775b7af4e5c5aa1905069cfc6c
      url: "https://pub.dev"
    source: hosted
    version: "2.4.9"
  video_player_platform_interface:
    dependency: transitive
    description:
      name: video_player_platform_interface
      sha256: "1ca9acd7a0fb15fb1a990cb554e6f004465c6f37c99d2285766f08a4b2802988"
      url: "https://pub.dev"
    source: hosted
    version: "6.2.0"
  video_player_web:
    dependency: transitive
    description:
      name: video_player_web
      sha256: "44ce41424d104dfb7cf6982cc6b84af2b007a24d126406025bf40de5d481c74c"
      url: "https://pub.dev"
    source: hosted
    version: "2.0.16"
  vm_service:
    dependency: transitive
    description:
      name: vm_service
      sha256: "0fae432c85c4ea880b33b497d32824b97795b04cdaa74d270219572a1f50268d"
      url: "https://pub.dev"
    source: hosted
    version: "11.9.0"
  wakelock_plus:
    dependency: "direct main"
    description:
      name: wakelock_plus
      sha256: aac3f3258f01781ec9212df94eecef1eb9ba9350e106728def405baa096ba413
      url: "https://pub.dev"
    source: hosted
    version: "1.1.1"
  wakelock_plus_platform_interface:
    dependency: transitive
    description:
      name: wakelock_plus_platform_interface
      sha256: "40fabed5da06caff0796dc638e1f07ee395fb18801fbff3255a2372db2d80385"
      url: "https://pub.dev"
    source: hosted
    version: "1.1.0"
  watcher:
    dependency: transitive
    description:
      name: watcher
      sha256: "3d2ad6751b3c16cf07c7fca317a1413b3f26530319181b37e3b9039b84fc01d8"
      url: "https://pub.dev"
    source: hosted
    version: "1.1.0"
  web_socket_channel:
    dependency: transitive
    description:
      name: web_socket_channel
      sha256: d88238e5eac9a42bb43ca4e721edba3c08c6354d4a53063afaa568516217621b
      url: "https://pub.dev"
    source: hosted
    version: "2.4.0"
  webkit_inspection_protocol:
    dependency: transitive
    description:
      name: webkit_inspection_protocol
      sha256: "67d3a8b6c79e1987d19d848b0892e582dbb0c66c57cc1fef58a177dd2aa2823d"
      url: "https://pub.dev"
    source: hosted
    version: "1.2.0"
  wechat_assets_picker:
    dependency: "direct main"
    description:
      name: wechat_assets_picker
      sha256: "18a9ac99281ed033fc3bfd2cf7d39f2ef4b76a7601eafcf4c9de09392c65c713"
      url: "https://pub.dev"
    source: hosted
    version: "8.6.3"
  win32:
    dependency: transitive
    description:
      name: win32
      sha256: "9e82a402b7f3d518fb9c02d0e9ae45952df31b9bf34d77baf19da2de03fc2aaa"
      url: "https://pub.dev"
    source: hosted
    version: "5.0.7"
  win32_registry:
    dependency: transitive
    description:
      name: win32_registry
      sha256: e4506d60b7244251bc59df15656a3093501c37fb5af02105a944d73eb95be4c9
      url: "https://pub.dev"
    source: hosted
    version: "1.1.1"
  window_manager:
    dependency: "direct main"
    description:
      path: "."
      ref: "159a3ee305bbaf9e03a54b8e5315f76616a64a4a"
      resolved-ref: "159a3ee305bbaf9e03a54b8e5315f76616a64a4a"
      url: "https://github.com/Tienisto/window_manager.git"
    source: git
    version: "0.3.5"
  xdg_directories:
    dependency: transitive
    description:
      name: xdg_directories
      sha256: f0c26453a2d47aa4c2570c6a033246a3fc62da2fe23c7ffdd0a7495086dc0247
      url: "https://pub.dev"
    source: hosted
    version: "1.0.2"
  xml:
    dependency: transitive
    description:
      name: xml
      sha256: "5bc72e1e45e941d825fd7468b9b4cc3b9327942649aeb6fc5cdbf135f0a86e84"
      url: "https://pub.dev"
    source: hosted
    version: "6.3.0"
  yaml:
    dependency: transitive
    description:
      name: yaml
      sha256: "75769501ea3489fca56601ff33454fe45507ea3bfb014161abc3b43ae25989d5"
      url: "https://pub.dev"
    source: hosted
    version: "3.1.2"
sdks:
  dart: ">=3.0.6 <4.0.0"
  flutter: ">=3.10.6"
