# Generated by pub
# See https://dart.dev/tools/pub/glossary#lockfile
packages:
  args:
    dependency: transitive
    description:
      name: args
      url: "https://pub.dartlang.org"
    source: hosted
    version: "2.3.1"
  async:
    dependency: transitive
    description:
      name: async
      url: "https://pub.dartlang.org"
    source: hosted
    version: "2.9.0"
  characters:
    dependency: transitive
    description:
      name: characters
      url: "https://pub.dartlang.org"
    source: hosted
    version: "1.2.1"
  collection:
    dependency: transitive
    description:
      name: collection
      url: "https://pub.dartlang.org"
    source: hosted
    version: "1.16.0"
  dbus:
    dependency: transitive
    description:
      name: dbus
      url: "https://pub.dartlang.org"
    source: hosted
    version: "0.7.8"
  dio:
    dependency: "direct main"
    description:
      name: dio
      url: "https://pub.dartlang.org"
    source: hosted
    version: "4.0.6"
  ffi:
    dependency: transitive
    description:
      name: ffi
      url: "https://pub.dartlang.org"
    source: hosted
    version: "2.0.1"
  flutter:
    dependency: "direct main"
    description: flutter
    source: sdk
    version: "0.0.0"
  flutter_lints:
    dependency: "direct dev"
    description:
      name: flutter_lints
      url: "https://pub.dartlang.org"
    source: hosted
    version: "2.0.1"
  flutter_web_plugins:
    dependency: transitive
    description: flutter
    source: sdk
    version: "0.0.0"
  http_methods:
    dependency: transitive
    description:
      name: http_methods
      url: "https://pub.dartlang.org"
    source: hosted
    version: "1.1.0"
  http_parser:
    dependency: transitive
    description:
      name: http_parser
      url: "https://pub.dartlang.org"
    source: hosted
    version: "4.0.2"
  js:
    dependency: transitive
    description:
      name: js
      url: "https://pub.dartlang.org"
    source: hosted
    version: "0.6.4"
  lints:
    dependency: transitive
    description:
      name: lints
      url: "https://pub.dartlang.org"
    source: hosted
    version: "2.0.1"
  material_color_utilities:
    dependency: transitive
    description:
      name: material_color_utilities
      url: "https://pub.dartlang.org"
    source: hosted
    version: "0.1.5"
  meta:
    dependency: transitive
    description:
      name: meta
      url: "https://pub.dartlang.org"
    source: hosted
    version: "1.8.0"
  network_info_plus:
    dependency: "direct main"
    description:
      name: network_info_plus
      url: "https://pub.dartlang.org"
    source: hosted
    version: "3.0.1"
  network_info_plus_platform_interface:
    dependency: transitive
    description:
      name: network_info_plus_platform_interface
      url: "https://pub.dartlang.org"
    source: hosted
    version: "1.1.3"
  nm:
    dependency: transitive
    description:
      name: nm
      url: "https://pub.dartlang.org"
    source: hosted
    version: "0.5.0"
  path:
    dependency: transitive
    description:
      name: path
      url: "https://pub.dartlang.org"
    source: hosted
    version: "1.8.2"
  petitparser:
    dependency: transitive
    description:
      name: petitparser
      url: "https://pub.dartlang.org"
    source: hosted
    version: "5.1.0"
  plugin_platform_interface:
    dependency: transitive
    description:
      name: plugin_platform_interface
      url: "https://pub.dartlang.org"
    source: hosted
    version: "2.1.3"
  shelf:
    dependency: "direct main"
    description:
      name: shelf
      url: "https://pub.dartlang.org"
    source: hosted
    version: "1.4.0"
  shelf_router:
    dependency: "direct main"
    description:
      name: shelf_router
      url: "https://pub.dartlang.org"
    source: hosted
    version: "1.1.3"
  sky_engine:
    dependency: transitive
    description: flutter
    source: sdk
    version: "0.0.99"
  source_span:
    dependency: transitive
    description:
      name: source_span
      url: "https://pub.dartlang.org"
    source: hosted
    version: "1.9.0"
  stack_trace:
    dependency: transitive
    description:
      name: stack_trace
      url: "https://pub.dartlang.org"
    source: hosted
    version: "1.10.0"
  stream_channel:
    dependency: transitive
    description:
      name: stream_channel
      url: "https://pub.dartlang.org"
    source: hosted
    version: "2.1.0"
  string_scanner:
    dependency: transitive
    description:
      name: string_scanner
      url: "https://pub.dartlang.org"
    source: hosted
    version: "1.1.1"
  term_glyph:
    dependency: transitive
    description:
      name: term_glyph
      url: "https://pub.dartlang.org"
    source: hosted
    version: "1.2.1"
  typed_data:
    dependency: transitive
    description:
      name: typed_data
      url: "https://pub.dartlang.org"
    source: hosted
    version: "1.3.1"
  vector_math:
    dependency: transitive
    description:
      name: vector_math
      url: "https://pub.dartlang.org"
    source: hosted
    version: "2.1.2"
  xml:
    dependency: transitive
    description:
      name: xml
      url: "https://pub.dartlang.org"
    source: hosted
    version: "6.1.0"
sdks:
  dart: ">=2.18.5 <3.0.0"
  flutter: ">=2.11.0"
