# Generated by pub
# See https://dart.dev/tools/pub/glossary#lockfile
packages:
  _fe_analyzer_shared:
    dependency: transitive
    description:
      name: _fe_analyzer_shared
      sha256: "45cfa8471b89fb6643fe9bf51bd7931a76b8f5ec2d65de4fb176dba8d4f22c77"
      url: "https://pub.dev"
    source: hosted
    version: "73.0.0"
  _macros:
    dependency: transitive
    description: dart
    source: sdk
    version: "0.3.2"
  analyzer:
    dependency: transitive
    description:
      name: analyzer
      sha256: "4959fec185fe70cce007c57e9ab6983101dbe593d2bf8bbfb4453aaec0cf470a"
      url: "https://pub.dev"
    source: hosted
    version: "6.8.0"
  args:
    dependency: "direct main"
    description:
      name: args
      sha256: eef6c46b622e0494a36c5a12d10d77fb4e855501a91c1b9ef9339326e58f0596
      url: "https://pub.dev"
    source: hosted
    version: "2.4.2"
  async:
    dependency: transitive
    description:
      name: async
      sha256: "947bfcf187f74dbc5e146c9eb9c0f10c9f8b30743e341481c1e2ed3ecc18c20c"
      url: "https://pub.dev"
    source: hosted
    version: "2.11.0"
  boolean_selector:
    dependency: transitive
    description:
      name: boolean_selector
      sha256: "6cfb5af12253eaf2b368f07bacc5a80d1301a071c73360d746b7f2e32d762c66"
      url: "https://pub.dev"
    source: hosted
    version: "2.1.1"
  collection:
    dependency: transitive
    description:
      name: collection
      sha256: a1ace0a119f20aabc852d165077c036cd864315bd99b7eaa10a60100341941bf
      url: "https://pub.dev"
    source: hosted
    version: "1.19.0"
  common:
    dependency: "direct main"
    description:
      path: "../common"
      relative: true
    source: path
    version: "1.0.0"
  convert:
    dependency: transitive
    description:
      name: convert
      sha256: "0f08b14755d163f6e2134cb58222dd25ea2a2ee8a195e53983d57c075324d592"
      url: "https://pub.dev"
    source: hosted
    version: "3.1.1"
  coverage:
    dependency: transitive
    description:
      name: coverage
      sha256: c1fb2dce3c0085f39dc72668e85f8e0210ec7de05345821ff58530567df345a5
      url: "https://pub.dev"
    source: hosted
    version: "1.9.2"
  crypto:
    dependency: transitive
    description:
      name: crypto
      sha256: ec30d999af904f33454ba22ed9a86162b35e52b44ac4807d1d93c288041d7d27
      url: "https://pub.dev"
    source: hosted
    version: "3.0.5"
  dart_mappable:
    dependency: transitive
    description:
      name: dart_mappable
      sha256: "47269caf2060533c29b823ff7fa9706502355ffcb61e7f2a374e3a0fb2f2c3f0"
      url: "https://pub.dev"
    source: hosted
    version: "4.2.2"
  file:
    dependency: transitive
    description:
      name: file
      sha256: "5fc22d7c25582e38ad9a8515372cd9a93834027aacf1801cf01164dac0ffa08c"
      url: "https://pub.dev"
    source: hosted
    version: "7.0.0"
  frontend_server_client:
    dependency: transitive
    description:
      name: frontend_server_client
      sha256: f64a0333a82f30b0cca061bc3d143813a486dc086b574bfb233b7c1372427694
      url: "https://pub.dev"
    source: hosted
    version: "4.0.0"
  glob:
    dependency: transitive
    description:
      name: glob
      sha256: "0e7014b3b7d4dac1ca4d6114f82bf1782ee86745b9b42a92c9289c23d8a0ab63"
      url: "https://pub.dev"
    source: hosted
    version: "2.1.2"
  http_multi_server:
    dependency: transitive
    description:
      name: http_multi_server
      sha256: "97486f20f9c2f7be8f514851703d0119c3596d14ea63227af6f7a481ef2b2f8b"
      url: "https://pub.dev"
    source: hosted
    version: "3.2.1"
  http_parser:
    dependency: transitive
    description:
      name: http_parser
      sha256: "40f592dd352890c3b60fec1b68e786cefb9603e05ff303dbc4dda49b304ecdf4"
      url: "https://pub.dev"
    source: hosted
    version: "4.1.0"
  io:
    dependency: transitive
    description:
      name: io
      sha256: "2ec25704aba361659e10e3e5f5d672068d332fc8ac516421d483a11e5cbd061e"
      url: "https://pub.dev"
    source: hosted
    version: "1.0.4"
  js:
    dependency: transitive
    description:
      name: js
      sha256: c1b2e9b5ea78c45e1a0788d29606ba27dc5f71f019f32ca5140f61ef071838cf
      url: "https://pub.dev"
    source: hosted
    version: "0.7.1"
  lints:
    dependency: "direct dev"
    description:
      name: lints
      sha256: "0a217c6c989d21039f1498c3ed9f3ed71b354e69873f13a8dfc3c9fe76f1b452"
      url: "https://pub.dev"
    source: hosted
    version: "2.1.1"
  logging:
    dependency: transitive
    description:
      name: logging
      sha256: "623a88c9594aa774443aa3eb2d41807a48486b5613e67599fb4c41c0ad47c340"
      url: "https://pub.dev"
    source: hosted
    version: "1.2.0"
  macros:
    dependency: transitive
    description:
      name: macros
      sha256: "0acaed5d6b7eab89f63350bccd82119e6c602df0f391260d0e32b5e23db79536"
      url: "https://pub.dev"
    source: hosted
    version: "0.1.2-main.4"
  matcher:
    dependency: transitive
    description:
      name: matcher
      sha256: d2323aa2060500f906aa31a895b4030b6da3ebdcc5619d14ce1aada65cd161cb
      url: "https://pub.dev"
    source: hosted
    version: "0.12.16+1"
  meta:
    dependency: transitive
    description:
      name: meta
      sha256: e3641ec5d63ebf0d9b41bd43201a66e3fc79a65db5f61fc181f04cd27aab950c
      url: "https://pub.dev"
    source: hosted
    version: "1.16.0"
  mime:
    dependency: transitive
    description:
      name: mime
      sha256: "801fd0b26f14a4a58ccb09d5892c3fbdeff209594300a542492cf13fba9d247a"
      url: "https://pub.dev"
    source: hosted
    version: "1.0.6"
  node_preamble:
    dependency: transitive
    description:
      name: node_preamble
      sha256: "6e7eac89047ab8a8d26cf16127b5ed26de65209847630400f9aefd7cd5c730db"
      url: "https://pub.dev"
    source: hosted
    version: "2.0.2"
  package_config:
    dependency: transitive
    description:
      name: package_config
      sha256: "1c5b77ccc91e4823a5af61ee74e6b972db1ef98c2ff5a18d3161c982a55448bd"
      url: "https://pub.dev"
    source: hosted
    version: "2.1.0"
  path:
    dependency: "direct main"
    description:
      name: path
      sha256: "087ce49c3f0dc39180befefc60fdb4acd8f8620e5682fe2476afd0b3688bb4af"
      url: "https://pub.dev"
    source: hosted
    version: "1.9.0"
  pool:
    dependency: transitive
    description:
      name: pool
      sha256: "20fe868b6314b322ea036ba325e6fc0711a22948856475e2c2b6306e8ab39c2a"
      url: "https://pub.dev"
    source: hosted
    version: "1.5.1"
  pub_semver:
    dependency: transitive
    description:
      name: pub_semver
      sha256: "40d3ab1bbd474c4c2328c91e3a7df8c6dd629b79ece4c4bd04bee496a224fb0c"
      url: "https://pub.dev"
    source: hosted
    version: "2.1.4"
  refena:
    dependency: transitive
    description:
      name: refena
      sha256: "1446e9622451e0cffef2af5b3fd57a52f0688d7c9eb848e969c16ccc2d14e833"
      url: "https://pub.dev"
    source: hosted
    version: "2.1.1"
  shelf:
    dependency: transitive
    description:
      name: shelf
      sha256: e7dd780a7ffb623c57850b33f43309312fc863fb6aa3d276a754bb299839ef12
      url: "https://pub.dev"
    source: hosted
    version: "1.4.2"
  shelf_packages_handler:
    dependency: transitive
    description:
      name: shelf_packages_handler
      sha256: "89f967eca29607c933ba9571d838be31d67f53f6e4ee15147d5dc2934fee1b1e"
      url: "https://pub.dev"
    source: hosted
    version: "3.0.2"
  shelf_static:
    dependency: transitive
    description:
      name: shelf_static
      sha256: c87c3875f91262785dade62d135760c2c69cb217ac759485334c5857ad89f6e3
      url: "https://pub.dev"
    source: hosted
    version: "1.1.3"
  shelf_web_socket:
    dependency: transitive
    description:
      name: shelf_web_socket
      sha256: "073c147238594ecd0d193f3456a5fe91c4b0abbcc68bf5cd95b36c4e194ac611"
      url: "https://pub.dev"
    source: hosted
    version: "2.0.0"
  source_map_stack_trace:
    dependency: transitive
    description:
      name: source_map_stack_trace
      sha256: c0713a43e323c3302c2abe2a1cc89aa057a387101ebd280371d6a6c9fa68516b
      url: "https://pub.dev"
    source: hosted
    version: "2.1.2"
  source_maps:
    dependency: transitive
    description:
      name: source_maps
      sha256: "708b3f6b97248e5781f493b765c3337db11c5d2c81c3094f10904bfa8004c703"
      url: "https://pub.dev"
    source: hosted
    version: "0.10.12"
  source_span:
    dependency: transitive
    description:
      name: source_span
      sha256: "53e943d4206a5e30df338fd4c6e7a077e02254531b138a15aec3bd143c1a8b3c"
      url: "https://pub.dev"
    source: hosted
    version: "1.10.0"
  stack_trace:
    dependency: transitive
    description:
      name: stack_trace
      sha256: "9f47fd3630d76be3ab26f0ee06d213679aa425996925ff3feffdec504931c377"
      url: "https://pub.dev"
    source: hosted
    version: "1.12.0"
  stream_channel:
    dependency: transitive
    description:
      name: stream_channel
      sha256: ba2aa5d8cc609d96bbb2899c28934f9e1af5cddbd60a827822ea467161eb54e7
      url: "https://pub.dev"
    source: hosted
    version: "2.1.2"
  string_scanner:
    dependency: transitive
    description:
      name: string_scanner
      sha256: "688af5ed3402a4bde5b3a6c15fd768dbf2621a614950b17f04626c431ab3c4c3"
      url: "https://pub.dev"
    source: hosted
    version: "1.3.0"
  term_glyph:
    dependency: transitive
    description:
      name: term_glyph
      sha256: a29248a84fbb7c79282b40b8c72a1209db169a2e0542bce341da992fe1bc7e84
      url: "https://pub.dev"
    source: hosted
    version: "1.2.1"
  test:
    dependency: "direct dev"
    description:
      name: test
      sha256: "713a8789d62f3233c46b4a90b174737b2c04cb6ae4500f2aa8b1be8f03f5e67f"
      url: "https://pub.dev"
    source: hosted
    version: "1.25.8"
  test_api:
    dependency: transitive
    description:
      name: test_api
      sha256: "664d3a9a64782fcdeb83ce9c6b39e78fd2971d4e37827b9b06c3aa1edc5e760c"
      url: "https://pub.dev"
    source: hosted
    version: "0.7.3"
  test_core:
    dependency: transitive
    description:
      name: test_core
      sha256: "12391302411737c176b0b5d6491f466b0dd56d4763e347b6714efbaa74d7953d"
      url: "https://pub.dev"
    source: hosted
    version: "0.6.5"
  type_plus:
    dependency: transitive
    description:
      name: type_plus
      sha256: d5d1019471f0d38b91603adb9b5fd4ce7ab903c879d2fbf1a3f80a630a03fcc9
      url: "https://pub.dev"
    source: hosted
    version: "2.1.1"
  typed_data:
    dependency: transitive
    description:
      name: typed_data
      sha256: facc8d6582f16042dd49f2463ff1bd6e2c9ef9f3d5da3d9b087e244a7b564b3c
      url: "https://pub.dev"
    source: hosted
    version: "1.3.2"
  vm_service:
    dependency: transitive
    description:
      name: vm_service
      sha256: f6be3ed8bd01289b34d679c2b62226f63c0e69f9fd2e50a6b3c1c729a961041b
      url: "https://pub.dev"
    source: hosted
    version: "14.3.0"
  watcher:
    dependency: transitive
    description:
      name: watcher
      sha256: "3d2ad6751b3c16cf07c7fca317a1413b3f26530319181b37e3b9039b84fc01d8"
      url: "https://pub.dev"
    source: hosted
    version: "1.1.0"
  web:
    dependency: transitive
    description:
      name: web
      sha256: cd3543bd5798f6ad290ea73d210f423502e71900302dde696f8bff84bf89a1cb
      url: "https://pub.dev"
    source: hosted
    version: "1.1.0"
  web_socket:
    dependency: transitive
    description:
      name: web_socket
      sha256: "3c12d96c0c9a4eec095246debcea7b86c0324f22df69893d538fcc6f1b8cce83"
      url: "https://pub.dev"
    source: hosted
    version: "0.1.6"
  web_socket_channel:
    dependency: transitive
    description:
      name: web_socket_channel
      sha256: "9f187088ed104edd8662ca07af4b124465893caf063ba29758f97af57e61da8f"
      url: "https://pub.dev"
    source: hosted
    version: "3.0.1"
  webkit_inspection_protocol:
    dependency: transitive
    description:
      name: webkit_inspection_protocol
      sha256: "87d3f2333bb240704cd3f1c6b5b7acd8a10e7f0bc28c28dcf14e782014f4a572"
      url: "https://pub.dev"
    source: hosted
    version: "1.2.1"
  yaml:
    dependency: transitive
    description:
      name: yaml
      sha256: "75769501ea3489fca56601ff33454fe45507ea3bfb014161abc3b43ae25989d5"
      url: "https://pub.dev"
    source: hosted
    version: "3.1.2"
sdks:
  dart: ">=3.5.0 <4.0.0"
