PODS:
  - connectivity_plus (0.0.1):
    - Flutter
  - device_info_plus (0.0.1):
    - Flutter
  - DKImagePickerController/Core (4.3.9):
    - DKImagePickerController/ImageDataManager
    - DKImagePickerController/Resource
  - DKImagePickerController/ImageDataManager (4.3.9)
  - DKImagePickerController/PhotoGallery (4.3.9):
    - DKImagePickerController/Core
    - DKPhotoGallery
  - DKImagePickerController/Resource (4.3.9)
  - DKPhotoGallery (0.0.19):
    - DKPhotoGallery/Core (= 0.0.19)
    - DKPhotoGallery/Model (= 0.0.19)
    - DKPhotoGallery/Preview (= 0.0.19)
    - DKPhotoGallery/Resource (= 0.0.19)
    - SDWebImage
    - SwiftyGif
  - DKPhotoGallery/Core (0.0.19):
    - DKPhotoGallery/Model
    - DKPhotoGallery/Preview
    - SDWebImage
    - SwiftyGif
  - DKPhotoGallery/Model (0.0.19):
    - SDWebImage
    - SwiftyGif
  - DKPhotoGallery/Preview (0.0.19):
    - DKPhotoGallery/Model
    - DKPhotoGallery/Resource
    - SDWebImage
    - SwiftyGif
  - DKPhotoGallery/Resource (0.0.19):
    - SDWebImage
    - SwiftyGif
  - file_picker (0.0.1):
    - DKImagePickerController/PhotoGallery
    - Flutter
  - file_selector_ios (0.0.1):
    - Flutter
  - Flutter (1.0.0)
  - gal (1.0.0):
    - Flutter
    - FlutterMacOS
  - image_picker_ios (0.0.1):
    - Flutter
  - in_app_purchase_storekit (0.0.1):
    - Flutter
    - FlutterMacOS
  - network_info_plus (0.0.1):
    - Flutter
  - open_filex (0.0.2):
    - Flutter
  - package_info_plus (0.4.5):
    - Flutter
  - pasteboard (0.0.1):
    - Flutter
  - permission_handler_apple (9.4.8):
    - Flutter
  - photo_manager (3.10.0):
    - Flutter
    - FlutterMacOS
  - rust_lib_localsend_app (0.0.1):
    - Flutter
  - SDWebImage (5.20.0):
    - SDWebImage/Core (= 5.20.0)
  - SDWebImage/Core (5.20.0)
  - share_handler_ios (0.0.14):
    - Flutter
    - share_handler_ios/share_handler_ios_models (= 0.0.14)
    - share_handler_ios_models
  - share_handler_ios/share_handler_ios_models (0.0.14):
    - Flutter
    - share_handler_ios_models
  - share_handler_ios_models (0.0.9)
  - shared_preferences_foundation (0.0.1):
    - Flutter
    - FlutterMacOS
  - SwiftyGif (5.4.5)
  - system_settings_2 (3.0.0):
    - Flutter
  - uri_content (0.0.1):
    - Flutter
  - url_launcher_ios (0.0.1):
    - Flutter
  - video_player_avfoundation (0.0.1):
    - Flutter
    - FlutterMacOS
  - wakelock_plus (0.0.1):
    - Flutter

DEPENDENCIES:
  - connectivity_plus (from `.symlinks/plugins/connectivity_plus/ios`)
  - device_info_plus (from `.symlinks/plugins/device_info_plus/ios`)
  - file_picker (from `.symlinks/plugins/file_picker/ios`)
  - file_selector_ios (from `.symlinks/plugins/file_selector_ios/ios`)
  - Flutter (from `Flutter`)
  - gal (from `.symlinks/plugins/gal/darwin`)
  - image_picker_ios (from `.symlinks/plugins/image_picker_ios/ios`)
  - in_app_purchase_storekit (from `.symlinks/plugins/in_app_purchase_storekit/darwin`)
  - network_info_plus (from `.symlinks/plugins/network_info_plus/ios`)
  - open_filex (from `.symlinks/plugins/open_filex/ios`)
  - package_info_plus (from `.symlinks/plugins/package_info_plus/ios`)
  - pasteboard (from `.symlinks/plugins/pasteboard/ios`)
  - permission_handler_apple (from `.symlinks/plugins/permission_handler_apple/ios`)
  - photo_manager (from `.symlinks/plugins/photo_manager/darwin`)
  - rust_lib_localsend_app (from `.symlinks/plugins/rust_lib_localsend_app/ios`)
  - share_handler_ios (from `.symlinks/plugins/share_handler_ios/ios`)
  - share_handler_ios_models (from `.symlinks/plugins/share_handler_ios/ios/Models`)
  - shared_preferences_foundation (from `.symlinks/plugins/shared_preferences_foundation/darwin`)
  - system_settings_2 (from `.symlinks/plugins/system_settings_2/ios`)
  - uri_content (from `.symlinks/plugins/uri_content/ios`)
  - url_launcher_ios (from `.symlinks/plugins/url_launcher_ios/ios`)
  - video_player_avfoundation (from `.symlinks/plugins/video_player_avfoundation/darwin`)
  - wakelock_plus (from `.symlinks/plugins/wakelock_plus/ios`)

SPEC REPOS:
  trunk:
    - DKImagePickerController
    - DKPhotoGallery
    - SDWebImage
    - SwiftyGif

EXTERNAL SOURCES:
  connectivity_plus:
    :path: ".symlinks/plugins/connectivity_plus/ios"
  device_info_plus:
    :path: ".symlinks/plugins/device_info_plus/ios"
  file_picker:
    :path: ".symlinks/plugins/file_picker/ios"
  file_selector_ios:
    :path: ".symlinks/plugins/file_selector_ios/ios"
  Flutter:
    :path: Flutter
  gal:
    :path: ".symlinks/plugins/gal/darwin"
  image_picker_ios:
    :path: ".symlinks/plugins/image_picker_ios/ios"
  in_app_purchase_storekit:
    :path: ".symlinks/plugins/in_app_purchase_storekit/darwin"
  network_info_plus:
    :path: ".symlinks/plugins/network_info_plus/ios"
  open_filex:
    :path: ".symlinks/plugins/open_filex/ios"
  package_info_plus:
    :path: ".symlinks/plugins/package_info_plus/ios"
  pasteboard:
    :path: ".symlinks/plugins/pasteboard/ios"
  permission_handler_apple:
    :path: ".symlinks/plugins/permission_handler_apple/ios"
  photo_manager:
    :path: ".symlinks/plugins/photo_manager/darwin"
  rust_lib_localsend_app:
    :path: ".symlinks/plugins/rust_lib_localsend_app/ios"
  share_handler_ios:
    :path: ".symlinks/plugins/share_handler_ios/ios"
  share_handler_ios_models:
    :path: ".symlinks/plugins/share_handler_ios/ios/Models"
  shared_preferences_foundation:
    :path: ".symlinks/plugins/shared_preferences_foundation/darwin"
  system_settings_2:
    :path: ".symlinks/plugins/system_settings_2/ios"
  uri_content:
    :path: ".symlinks/plugins/uri_content/ios"
  url_launcher_ios:
    :path: ".symlinks/plugins/url_launcher_ios/ios"
  video_player_avfoundation:
    :path: ".symlinks/plugins/video_player_avfoundation/darwin"
  wakelock_plus:
    :path: ".symlinks/plugins/wakelock_plus/ios"

SPEC CHECKSUMS:
  connectivity_plus: cb623214f4e1f6ef8fe7403d580fdad517d2f7dd
  device_info_plus: 21fcca2080fbcd348be798aa36c3e5ed849eefbe
  DKImagePickerController: 946cec48c7873164274ecc4624d19e3da4c1ef3c
  DKPhotoGallery: b3834fecb755ee09a593d7c9e389d8b5d6deed60
  file_picker: a0560bc09d61de87f12d246fc47d2119e6ef37be
  file_selector_ios: ec57ec07954363dd730b642e765e58f199bb621a
  Flutter: cabc95a1d2626b1b06e7179b784ebcf0c0cde467
  gal: baecd024ebfd13c441269ca7404792a7152fde89
  image_picker_ios: e0ece4aa2a75771a7de3fa735d26d90817041326
  in_app_purchase_storekit: 22cca7d08eebca9babdf4d07d0baccb73325d3c8
  network_info_plus: cf61925ab5205dce05a4f0895989afdb6aade5fc
  open_filex: 432f3cd11432da3e39f47fcc0df2b1603854eff1
  package_info_plus: af8e2ca6888548050f16fa2f1938db7b5a5df499
  pasteboard: 49088aeb6119d51f976a421db60d8e1ab079b63c
  permission_handler_apple: 92d754bbaa7361d436db2d6c3c1c2a0fdcec462e
  photo_manager: 93cc83778e33d5fd49dfd7e34b73f8f5a4f10aaf
  rust_lib_localsend_app: e74fed7b12bd94b7fb63a29f9b6afdde78f6a0a7
  SDWebImage: 73c6079366fea25fa4bb9640d5fb58f0893facd8
  share_handler_ios: e2244e990f826b2c8eaa291ac3831569438ba0fb
  share_handler_ios_models: fc638c9b4330dc7f082586c92aee9dfa0b87b871
  shared_preferences_foundation: 7036424c3d8ec98dfe75ff1667cb0cd531ec82bb
  SwiftyGif: 706c60cf65fa2bc5ee0313beece843c8eb8194d4
  system_settings_2: 5c4a7aaed51dfd09b46aaa9d36bb57f578642191
  uri_content: 70a99850f89322ef5eca2e69451ee38221b917ec
  url_launcher_ios: 7a95fa5b60cc718a708b8f2966718e93db0cef1b
  video_player_avfoundation: 3453f792138786248960ca029747fcd9f318ef52
  wakelock_plus: e29112ab3ef0b318e58cfa5c32326458be66b556

PODFILE CHECKSUM: 3a4ace682762b60a381ecc086ce3de34ab033988

COCOAPODS: 1.16.2
